// !$*UTF8*$!
{
	archiveVersion = 1;
	classes = {
	};
	objectVersion = 55;
	objects = {

/* Begin PBXBuildFile section */
		941BA1CE28ABA8C000E747EE /* LaunchScreen.storyboard in Resources */ = {isa = PBXBuildFile; fileRef = 94D108B628ABA74000D1C7A3 /* LaunchScreen.storyboard */; };
		948BE09828ABA1CB00A3D10F /* AppDelegate.swift in Sources */ = {isa = PBXBuildFile; fileRef = 948BE09728ABA1CB00A3D10F /* AppDelegate.swift */; };
		948BE0A128ABA1CC00A3D10F /* Assets.xcassets in Resources */ = {isa = PBXBuildFile; fileRef = 948BE0A028ABA1CC00A3D10F /* Assets.xcassets */; };
		94B5553428ABC4A2000DEFEF /* ExampleViewController.swift in Sources */ = {isa = PBXBuildFile; fileRef = 94B5553228ABC4A2000DEFEF /* ExampleViewController.swift */; };
		94B5553528ABC4A2000DEFEF /* ExampleViewController.xib in Resources */ = {isa = PBXBuildFile; fileRef = 94B5553328ABC4A2000DEFEF /* ExampleViewController.xib */; };
		94B5553928ABC60E000DEFEF /* XibInitableViewController.swift in Sources */ = {isa = PBXBuildFile; fileRef = 94B5553728ABC60E000DEFEF /* XibInitableViewController.swift */; };
		94B5553A28ABC60E000DEFEF /* XibInitableViewController.xib in Resources */ = {isa = PBXBuildFile; fileRef = 94B5553828ABC60E000DEFEF /* XibInitableViewController.xib */; };
		94B5553C28ABC749000DEFEF /* CodeInitableViewController.swift in Sources */ = {isa = PBXBuildFile; fileRef = 94B5553B28ABC749000DEFEF /* CodeInitableViewController.swift */; };
		94B5554228ABD76F000DEFEF /* ClosureExampleViewController.swift in Sources */ = {isa = PBXBuildFile; fileRef = 94B5554028ABD76F000DEFEF /* ClosureExampleViewController.swift */; };
		94B5554328ABD76F000DEFEF /* ClosureExampleViewController.xib in Resources */ = {isa = PBXBuildFile; fileRef = 94B5554128ABD76F000DEFEF /* ClosureExampleViewController.xib */; };
		958AF962291BEC4000DC127A /* MulticastDelegateTests.swift in Sources */ = {isa = PBXBuildFile; fileRef = 958AF961291BEC4000DC127A /* MulticastDelegateTests.swift */; };
		E512FBA928AC1EA700C518DA /* FormCodeView.swift in Sources */ = {isa = PBXBuildFile; fileRef = E512FBA828AC1EA700C518DA /* FormCodeView.swift */; };
		E5246BBB28ACD44E00381384 /* FormXibView.swift in Sources */ = {isa = PBXBuildFile; fileRef = E5246BBA28ACD44D00381384 /* FormXibView.swift */; };
		E5246BBD28ACD46C00381384 /* FormXibView.xib in Resources */ = {isa = PBXBuildFile; fileRef = E5246BBC28ACD46C00381384 /* FormXibView.xib */; };
		E5DA631D28AE75D4005E5689 /* ExampleServerClient.swift in Sources */ = {isa = PBXBuildFile; fileRef = E5DA631C28AE75D4005E5689 /* ExampleServerClient.swift */; };
		E5DA632228AE8B03005E5689 /* MessageEntity.swift in Sources */ = {isa = PBXBuildFile; fileRef = E5DA632128AE8B03005E5689 /* MessageEntity.swift */; };
		FA00FBE628F041850015EDA7 /* MulticastDelegateController.swift in Sources */ = {isa = PBXBuildFile; fileRef = FA00FBE428F041850015EDA7 /* MulticastDelegateController.swift */; };
		FAA2CADA28AE143D006EA394 /* XibViewViewControllerExample.swift in Sources */ = {isa = PBXBuildFile; fileRef = FAA2CAD528AE143D006EA394 /* XibViewViewControllerExample.swift */; };
		FAA2CADB28AE143D006EA394 /* XibViewViewControllerExample.xib in Resources */ = {isa = PBXBuildFile; fileRef = FAA2CAD628AE143D006EA394 /* XibViewViewControllerExample.xib */; };
		FAA2CADC28AE143D006EA394 /* XibViewExample.swift in Sources */ = {isa = PBXBuildFile; fileRef = FAA2CAD828AE143D006EA394 /* XibViewExample.swift */; };
		FAA2CADD28AE143D006EA394 /* XibViewExample.xib in Resources */ = {isa = PBXBuildFile; fileRef = FAA2CAD928AE143D006EA394 /* XibViewExample.xib */; };
		FAA4CCD628ABD55B00CF022D /* jsonArrayForBundleFileReaderTest.json in Resources */ = {isa = PBXBuildFile; fileRef = FAA4CCD528ABD55B00CF022D /* jsonArrayForBundleFileReaderTest.json */; };
		FAD395B428ACFAF300862F9C /* UtilsExampleTests.swift in Sources */ = {isa = PBXBuildFile; fileRef = FAD395B328ACFAF300862F9C /* UtilsExampleTests.swift */; };
		FADD435B28AF98DF00DCF1FA /* ButtonExample.png in Resources */ = {isa = PBXBuildFile; fileRef = FADD435A28AF98DF00DCF1FA /* ButtonExample.png */; };
		FAE0A9FF28E42D1700FB7EAD /* StoryboardInitableController.storyboard in Resources */ = {isa = PBXBuildFile; fileRef = FAE0A9FE28E42D1700FB7EAD /* StoryboardInitableController.storyboard */; };
		FAE0AA0128E42FAF00FB7EAD /* StoryboardInitableController.swift in Sources */ = {isa = PBXBuildFile; fileRef = FAE0AA0028E42FAF00FB7EAD /* StoryboardInitableController.swift */; };
		FAF3FC1F28ED8B37004061D2 /* Utils in Frameworks */ = {isa = PBXBuildFile; productRef = FAF3FC1E28ED8B37004061D2 /* Utils */; };
/* End PBXBuildFile section */

/* Begin PBXContainerItemProxy section */
		FAD395B528ACFAF300862F9C /* PBXContainerItemProxy */ = {
			isa = PBXContainerItemProxy;
			containerPortal = 948BE08C28ABA1CB00A3D10F /* Project object */;
			proxyType = 1;
			remoteGlobalIDString = 948BE09328ABA1CB00A3D10F;
			remoteInfo = UtilsExample;
		};
/* End PBXContainerItemProxy section */

/* Begin PBXFileReference section */
		948BE09428ABA1CB00A3D10F /* UtilsExample.app */ = {isa = PBXFileReference; explicitFileType = wrapper.application; includeInIndex = 0; path = UtilsExample.app; sourceTree = BUILT_PRODUCTS_DIR; };
		948BE09728ABA1CB00A3D10F /* AppDelegate.swift */ = {isa = PBXFileReference; lastKnownFileType = sourcecode.swift; path = AppDelegate.swift; sourceTree = "<group>"; };
		948BE0A028ABA1CC00A3D10F /* Assets.xcassets */ = {isa = PBXFileReference; lastKnownFileType = folder.assetcatalog; path = Assets.xcassets; sourceTree = "<group>"; };
		94B5553228ABC4A2000DEFEF /* ExampleViewController.swift */ = {isa = PBXFileReference; lastKnownFileType = sourcecode.swift; path = ExampleViewController.swift; sourceTree = "<group>"; };
		94B5553328ABC4A2000DEFEF /* ExampleViewController.xib */ = {isa = PBXFileReference; lastKnownFileType = file.xib; path = ExampleViewController.xib; sourceTree = "<group>"; };
		94B5553728ABC60E000DEFEF /* XibInitableViewController.swift */ = {isa = PBXFileReference; lastKnownFileType = sourcecode.swift; path = XibInitableViewController.swift; sourceTree = "<group>"; };
		94B5553828ABC60E000DEFEF /* XibInitableViewController.xib */ = {isa = PBXFileReference; lastKnownFileType = file.xib; path = XibInitableViewController.xib; sourceTree = "<group>"; };
		94B5553B28ABC749000DEFEF /* CodeInitableViewController.swift */ = {isa = PBXFileReference; lastKnownFileType = sourcecode.swift; path = CodeInitableViewController.swift; sourceTree = "<group>"; };
		94B5554028ABD76F000DEFEF /* ClosureExampleViewController.swift */ = {isa = PBXFileReference; lastKnownFileType = sourcecode.swift; path = ClosureExampleViewController.swift; sourceTree = "<group>"; };
		94B5554128ABD76F000DEFEF /* ClosureExampleViewController.xib */ = {isa = PBXFileReference; lastKnownFileType = file.xib; path = ClosureExampleViewController.xib; sourceTree = "<group>"; };
		94D108B628ABA74000D1C7A3 /* LaunchScreen.storyboard */ = {isa = PBXFileReference; fileEncoding = 4; lastKnownFileType = file.storyboard; path = LaunchScreen.storyboard; sourceTree = "<group>"; };
		94F83EB928ABAA84006C91AA /* Info.plist */ = {isa = PBXFileReference; fileEncoding = 4; lastKnownFileType = text.plist.xml; path = Info.plist; sourceTree = "<group>"; };
		958AF961291BEC4000DC127A /* MulticastDelegateTests.swift */ = {isa = PBXFileReference; lastKnownFileType = sourcecode.swift; path = MulticastDelegateTests.swift; sourceTree = "<group>"; };
		E512FBA828AC1EA700C518DA /* FormCodeView.swift */ = {isa = PBXFileReference; lastKnownFileType = sourcecode.swift; path = FormCodeView.swift; sourceTree = "<group>"; };
		E5246BBA28ACD44D00381384 /* FormXibView.swift */ = {isa = PBXFileReference; lastKnownFileType = sourcecode.swift; path = FormXibView.swift; sourceTree = "<group>"; };
		E5246BBC28ACD46C00381384 /* FormXibView.xib */ = {isa = PBXFileReference; lastKnownFileType = file.xib; path = FormXibView.xib; sourceTree = "<group>"; };
		E5DA631C28AE75D4005E5689 /* ExampleServerClient.swift */ = {isa = PBXFileReference; lastKnownFileType = sourcecode.swift; path = ExampleServerClient.swift; sourceTree = "<group>"; };
		E5DA632128AE8B03005E5689 /* MessageEntity.swift */ = {isa = PBXFileReference; lastKnownFileType = sourcecode.swift; path = MessageEntity.swift; sourceTree = "<group>"; };
		FA00FBE428F041850015EDA7 /* MulticastDelegateController.swift */ = {isa = PBXFileReference; lastKnownFileType = sourcecode.swift; path = MulticastDelegateController.swift; sourceTree = "<group>"; };
		FAA2CAD528AE143D006EA394 /* XibViewViewControllerExample.swift */ = {isa = PBXFileReference; fileEncoding = 4; lastKnownFileType = sourcecode.swift; path = XibViewViewControllerExample.swift; sourceTree = "<group>"; };
		FAA2CAD628AE143D006EA394 /* XibViewViewControllerExample.xib */ = {isa = PBXFileReference; fileEncoding = 4; lastKnownFileType = file.xib; path = XibViewViewControllerExample.xib; sourceTree = "<group>"; };
		FAA2CAD828AE143D006EA394 /* XibViewExample.swift */ = {isa = PBXFileReference; fileEncoding = 4; lastKnownFileType = sourcecode.swift; path = XibViewExample.swift; sourceTree = "<group>"; };
		FAA2CAD928AE143D006EA394 /* XibViewExample.xib */ = {isa = PBXFileReference; fileEncoding = 4; lastKnownFileType = file.xib; path = XibViewExample.xib; sourceTree = "<group>"; };
		FAA4CCD528ABD55B00CF022D /* jsonArrayForBundleFileReaderTest.json */ = {isa = PBXFileReference; fileEncoding = 4; lastKnownFileType = text.json; path = jsonArrayForBundleFileReaderTest.json; sourceTree = "<group>"; };
		FAD395B128ACFAF300862F9C /* UtilsExampleTests.xctest */ = {isa = PBXFileReference; explicitFileType = wrapper.cfbundle; includeInIndex = 0; path = UtilsExampleTests.xctest; sourceTree = BUILT_PRODUCTS_DIR; };
		FAD395B328ACFAF300862F9C /* UtilsExampleTests.swift */ = {isa = PBXFileReference; lastKnownFileType = sourcecode.swift; path = UtilsExampleTests.swift; sourceTree = "<group>"; };
		FADD435A28AF98DF00DCF1FA /* ButtonExample.png */ = {isa = PBXFileReference; lastKnownFileType = image.png; path = ButtonExample.png; sourceTree = "<group>"; };
		FAE0A9FE28E42D1700FB7EAD /* StoryboardInitableController.storyboard */ = {isa = PBXFileReference; lastKnownFileType = file.storyboard; path = StoryboardInitableController.storyboard; sourceTree = "<group>"; };
		FAE0AA0028E42FAF00FB7EAD /* StoryboardInitableController.swift */ = {isa = PBXFileReference; lastKnownFileType = sourcecode.swift; path = StoryboardInitableController.swift; sourceTree = "<group>"; };
		FAF3FC1C28ED8AB5004061D2 /* Utils */ = {isa = PBXFileReference; lastKnownFileType = wrapper; name = Utils; path = ..; sourceTree = "<group>"; };
/* End PBXFileReference section */

/* Begin PBXFrameworksBuildPhase section */
		948BE09128ABA1CB00A3D10F /* Frameworks */ = {
			isa = PBXFrameworksBuildPhase;
			buildActionMask = 2147483647;
			files = (
				FAF3FC1F28ED8B37004061D2 /* Utils in Frameworks */,
			);
			runOnlyForDeploymentPostprocessing = 0;
		};
		FAD395AE28ACFAF300862F9C /* Frameworks */ = {
			isa = PBXFrameworksBuildPhase;
			buildActionMask = 2147483647;
			files = (
			);
			runOnlyForDeploymentPostprocessing = 0;
		};
/* End PBXFrameworksBuildPhase section */

/* Begin PBXGroup section */
		948BE08B28ABA1CB00A3D10F = {
			isa = PBXGroup;
			children = (
				FAF3FC1B28ED8AB5004061D2 /* Packages */,
				948BE09628ABA1CB00A3D10F /* Source */,
				FAD395B228ACFAF300862F9C /* UtilsExampleTests */,
				948BE09528ABA1CB00A3D10F /* Products */,
				FAF3FC1D28ED8B37004061D2 /* Frameworks */,
			);
			sourceTree = "<group>";
		};
		948BE09528ABA1CB00A3D10F /* Products */ = {
			isa = PBXGroup;
			children = (
				948BE09428ABA1CB00A3D10F /* UtilsExample.app */,
				FAD395B128ACFAF300862F9C /* UtilsExampleTests.xctest */,
			);
			name = Products;
			sourceTree = "<group>";
		};
		948BE09628ABA1CB00A3D10F /* Source */ = {
			isa = PBXGroup;
			children = (
				E5DA632028AE8ABB005E5689 /* Entity */,
				E5DA631B28AE75BB005E5689 /* Service */,
				948BE0AC28ABA5C300A3D10F /* UI */,
				948BE0AB28ABA59600A3D10F /* App */,
			);
			path = Source;
			sourceTree = "<group>";
		};
		948BE0AB28ABA59600A3D10F /* App */ = {
			isa = PBXGroup;
			children = (
				FAD395AC28ACF94000862F9C /* Resources */,
				948BE09728ABA1CB00A3D10F /* AppDelegate.swift */,
				94D108B628ABA74000D1C7A3 /* LaunchScreen.storyboard */,
				948BE0A028ABA1CC00A3D10F /* Assets.xcassets */,
				94F83EB928ABAA84006C91AA /* Info.plist */,
			);
			path = App;
			sourceTree = "<group>";
		};
		948BE0AC28ABA5C300A3D10F /* UI */ = {
			isa = PBXGroup;
			children = (
				FA201ED628F593450011B71E /* MulticastDelegate */,
				FAA2CAD328AE143D006EA394 /* XibView */,
				94B5553D28ABD54E000DEFEF /* Closure */,
				94B5553628ABC5F6000DEFEF /* Initable */,
				94B5553228ABC4A2000DEFEF /* ExampleViewController.swift */,
				94B5553328ABC4A2000DEFEF /* ExampleViewController.xib */,
			);
			path = UI;
			sourceTree = "<group>";
		};
		94B5553628ABC5F6000DEFEF /* Initable */ = {
			isa = PBXGroup;
			children = (
				E512FBAE28AC2C5A00C518DA /* Controllers */,
				E512FBAF28AC2C8700C518DA /* Views */,
			);
			path = Initable;
			sourceTree = "<group>";
		};
		94B5553D28ABD54E000DEFEF /* Closure */ = {
			isa = PBXGroup;
			children = (
				94B5554028ABD76F000DEFEF /* ClosureExampleViewController.swift */,
				94B5554128ABD76F000DEFEF /* ClosureExampleViewController.xib */,
			);
			path = Closure;
			sourceTree = "<group>";
		};
		E512FBAE28AC2C5A00C518DA /* Controllers */ = {
			isa = PBXGroup;
			children = (
				FAF9C1EA28EC377F009D4987 /* XibInitableController */,
				FAF9C1E928EC3755009D4987 /* StoryboardInitableController */,
				94B5553B28ABC749000DEFEF /* CodeInitableViewController.swift */,
			);
			path = Controllers;
			sourceTree = "<group>";
		};
		E512FBAF28AC2C8700C518DA /* Views */ = {
			isa = PBXGroup;
			children = (
				E512FBA828AC1EA700C518DA /* FormCodeView.swift */,
				E5246BBA28ACD44D00381384 /* FormXibView.swift */,
				E5246BBC28ACD46C00381384 /* FormXibView.xib */,
			);
			path = Views;
			sourceTree = "<group>";
		};
		E5DA631B28AE75BB005E5689 /* Service */ = {
			isa = PBXGroup;
			children = (
				E5DA631C28AE75D4005E5689 /* ExampleServerClient.swift */,
			);
			path = Service;
			sourceTree = "<group>";
		};
		E5DA632028AE8ABB005E5689 /* Entity */ = {
			isa = PBXGroup;
			children = (
				E5DA632128AE8B03005E5689 /* MessageEntity.swift */,
			);
			path = Entity;
			sourceTree = "<group>";
		};
		FA201ED628F593450011B71E /* MulticastDelegate */ = {
			isa = PBXGroup;
			children = (
				FA00FBE428F041850015EDA7 /* MulticastDelegateController.swift */,
			);
			path = MulticastDelegate;
			sourceTree = "<group>";
		};
		FAA2CAD328AE143D006EA394 /* XibView */ = {
			isa = PBXGroup;
			children = (
				FAA2CAD428AE143D006EA394 /* Controller */,
				FAA2CAD728AE143D006EA394 /* View */,
			);
			path = XibView;
			sourceTree = "<group>";
		};
		FAA2CAD428AE143D006EA394 /* Controller */ = {
			isa = PBXGroup;
			children = (
				FAA2CAD528AE143D006EA394 /* XibViewViewControllerExample.swift */,
				FAA2CAD628AE143D006EA394 /* XibViewViewControllerExample.xib */,
			);
			path = Controller;
			sourceTree = "<group>";
		};
		FAA2CAD728AE143D006EA394 /* View */ = {
			isa = PBXGroup;
			children = (
				FAA2CAD828AE143D006EA394 /* XibViewExample.swift */,
				FAA2CAD928AE143D006EA394 /* XibViewExample.xib */,
			);
			path = View;
			sourceTree = "<group>";
		};
		FAD395AC28ACF94000862F9C /* Resources */ = {
			isa = PBXGroup;
			children = (
				FAA4CCD528ABD55B00CF022D /* jsonArrayForBundleFileReaderTest.json */,
				FADD435A28AF98DF00DCF1FA /* ButtonExample.png */,
			);
			path = Resources;
			sourceTree = "<group>";
		};
		FAD395B228ACFAF300862F9C /* UtilsExampleTests */ = {
			isa = PBXGroup;
			children = (
				FAD395B328ACFAF300862F9C /* UtilsExampleTests.swift */,
				958AF961291BEC4000DC127A /* MulticastDelegateTests.swift */,
			);
			path = UtilsExampleTests;
			sourceTree = "<group>";
		};
		FAF3FC1B28ED8AB5004061D2 /* Packages */ = {
			isa = PBXGroup;
			children = (
				FAF3FC1C28ED8AB5004061D2 /* Utils */,
			);
			name = Packages;
			sourceTree = "<group>";
		};
		FAF3FC1D28ED8B37004061D2 /* Frameworks */ = {
			isa = PBXGroup;
			children = (
			);
			name = Frameworks;
			sourceTree = "<group>";
		};
		FAF9C1E928EC3755009D4987 /* StoryboardInitableController */ = {
			isa = PBXGroup;
			children = (
				FAE0A9FE28E42D1700FB7EAD /* StoryboardInitableController.storyboard */,
				FAE0AA0028E42FAF00FB7EAD /* StoryboardInitableController.swift */,
			);
			path = StoryboardInitableController;
			sourceTree = "<group>";
		};
		FAF9C1EA28EC377F009D4987 /* XibInitableController */ = {
			isa = PBXGroup;
			children = (
				94B5553728ABC60E000DEFEF /* XibInitableViewController.swift */,
				94B5553828ABC60E000DEFEF /* XibInitableViewController.xib */,
			);
			path = XibInitableController;
			sourceTree = "<group>";
		};
/* End PBXGroup section */

/* Begin PBXNativeTarget section */
		948BE09328ABA1CB00A3D10F /* UtilsExample */ = {
			isa = PBXNativeTarget;
			buildConfigurationList = 948BE0A828ABA1CC00A3D10F /* Build configuration list for PBXNativeTarget "UtilsExample" */;
			buildPhases = (
				94B5554428ABE74B000DEFEF /* Swiftlint */,
				948BE09028ABA1CB00A3D10F /* Sources */,
				948BE09128ABA1CB00A3D10F /* Frameworks */,
				948BE09228ABA1CB00A3D10F /* Resources */,
			);
			buildRules = (
			);
			dependencies = (
			);
			name = UtilsExample;
			packageProductDependencies = (
				FAF3FC1E28ED8B37004061D2 /* Utils */,
			);
			productName = UtilsExample;
			productReference = 948BE09428ABA1CB00A3D10F /* UtilsExample.app */;
			productType = "com.apple.product-type.application";
		};
		FAD395B028ACFAF300862F9C /* UtilsExampleTests */ = {
			isa = PBXNativeTarget;
			buildConfigurationList = FAD395B728ACFAF300862F9C /* Build configuration list for PBXNativeTarget "UtilsExampleTests" */;
			buildPhases = (
				FAD395AD28ACFAF300862F9C /* Sources */,
				FAD395AE28ACFAF300862F9C /* Frameworks */,
				FAD395AF28ACFAF300862F9C /* Resources */,
			);
			buildRules = (
			);
			dependencies = (
				FAD395B628ACFAF300862F9C /* PBXTargetDependency */,
			);
			name = UtilsExampleTests;
			productName = UtilsExampleTests;
			productReference = FAD395B128ACFAF300862F9C /* UtilsExampleTests.xctest */;
			productType = "com.apple.product-type.bundle.unit-test";
		};
/* End PBXNativeTarget section */

/* Begin PBXProject section */
		948BE08C28ABA1CB00A3D10F /* Project object */ = {
			isa = PBXProject;
			attributes = {
				BuildIndependentTargetsInParallel = 1;
				LastSwiftUpdateCheck = 1330;
				LastUpgradeCheck = 1330;
				TargetAttributes = {
					948BE09328ABA1CB00A3D10F = {
						CreatedOnToolsVersion = 13.3.1;
					};
					FAD395B028ACFAF300862F9C = {
						CreatedOnToolsVersion = 13.3.1;
						TestTargetID = 948BE09328ABA1CB00A3D10F;
					};
				};
			};
			buildConfigurationList = 948BE08F28ABA1CB00A3D10F /* Build configuration list for PBXProject "UtilsExample" */;
			compatibilityVersion = "Xcode 13.0";
			developmentRegion = en;
			hasScannedForEncodings = 0;
			knownRegions = (
				en,
				Base,
			);
			mainGroup = 948BE08B28ABA1CB00A3D10F;
			packageReferences = (
			);
			productRefGroup = 948BE09528ABA1CB00A3D10F /* Products */;
			projectDirPath = "";
			projectRoot = "";
			targets = (
				948BE09328ABA1CB00A3D10F /* UtilsExample */,
				FAD395B028ACFAF300862F9C /* UtilsExampleTests */,
			);
		};
/* End PBXProject section */

/* Begin PBXResourcesBuildPhase section */
		948BE09228ABA1CB00A3D10F /* Resources */ = {
			isa = PBXResourcesBuildPhase;
			buildActionMask = 2147483647;
			files = (
				FADD435B28AF98DF00DCF1FA /* ButtonExample.png in Resources */,
				94B5554328ABD76F000DEFEF /* ClosureExampleViewController.xib in Resources */,
				E5246BBD28ACD46C00381384 /* FormXibView.xib in Resources */,
				94B5553A28ABC60E000DEFEF /* XibInitableViewController.xib in Resources */,
				FAA4CCD628ABD55B00CF022D /* jsonArrayForBundleFileReaderTest.json in Resources */,
				941BA1CE28ABA8C000E747EE /* LaunchScreen.storyboard in Resources */,
				FAA2CADD28AE143D006EA394 /* XibViewExample.xib in Resources */,
				94B5553528ABC4A2000DEFEF /* ExampleViewController.xib in Resources */,
				FAA2CADB28AE143D006EA394 /* XibViewViewControllerExample.xib in Resources */,
				948BE0A128ABA1CC00A3D10F /* Assets.xcassets in Resources */,
				FAE0A9FF28E42D1700FB7EAD /* StoryboardInitableController.storyboard in Resources */,
			);
			runOnlyForDeploymentPostprocessing = 0;
		};
		FAD395AF28ACFAF300862F9C /* Resources */ = {
			isa = PBXResourcesBuildPhase;
			buildActionMask = 2147483647;
			files = (
			);
			runOnlyForDeploymentPostprocessing = 0;
		};
/* End PBXResourcesBuildPhase section */

/* Begin PBXShellScriptBuildPhase section */
		94B5554428ABE74B000DEFEF /* Swiftlint */ = {
			isa = PBXShellScriptBuildPhase;
			buildActionMask = 2147483647;
			files = (
			);
			inputFileListPaths = (
			);
			inputPaths = (
			);
			name = Swiftlint;
			outputFileListPaths = (
			);
			outputPaths = (
			);
			runOnlyForDeploymentPostprocessing = 0;
			shellPath = /bin/sh;
			shellScript = "export PATH=\"$PATH:/opt/homebrew/bin\"\n\nif which swiftlint >/dev/null; then\n  swiftlint --path .. --config ../swiftlint.yml\nelse\n  echo \"warning: SwiftLint not installed, download from https://github.com/realm/SwiftLint\"\nfi\n";
		};
/* End PBXShellScriptBuildPhase section */

/* Begin PBXSourcesBuildPhase section */
		948BE09028ABA1CB00A3D10F /* Sources */ = {
			isa = PBXSourcesBuildPhase;
			buildActionMask = 2147483647;
			files = (
				FAA2CADC28AE143D006EA394 /* XibViewExample.swift in Sources */,
				E512FBA928AC1EA700C518DA /* FormCodeView.swift in Sources */,
				E5DA632228AE8B03005E5689 /* MessageEntity.swift in Sources */,
				94B5553928ABC60E000DEFEF /* XibInitableViewController.swift in Sources */,
				94B5554228ABD76F000DEFEF /* ClosureExampleViewController.swift in Sources */,
				948BE09828ABA1CB00A3D10F /* AppDelegate.swift in Sources */,
				FAE0AA0128E42FAF00FB7EAD /* StoryboardInitableController.swift in Sources */,
				94B5553C28ABC749000DEFEF /* CodeInitableViewController.swift in Sources */,
				E5246BBB28ACD44E00381384 /* FormXibView.swift in Sources */,
				E5DA631D28AE75D4005E5689 /* ExampleServerClient.swift in Sources */,
				94B5553428ABC4A2000DEFEF /* ExampleViewController.swift in Sources */,
				FAA2CADA28AE143D006EA394 /* XibViewViewControllerExample.swift in Sources */,
				FA00FBE628F041850015EDA7 /* MulticastDelegateController.swift in Sources */,
			);
			runOnlyForDeploymentPostprocessing = 0;
		};
		FAD395AD28ACFAF300862F9C /* Sources */ = {
			isa = PBXSourcesBuildPhase;
			buildActionMask = 2147483647;
			files = (
				958AF962291BEC4000DC127A /* MulticastDelegateTests.swift in Sources */,
				FAD395B428ACFAF300862F9C /* UtilsExampleTests.swift in Sources */,
			);
			runOnlyForDeploymentPostprocessing = 0;
		};
/* End PBXSourcesBuildPhase section */

/* Begin PBXTargetDependency section */
		FAD395B628ACFAF300862F9C /* PBXTargetDependency */ = {
			isa = PBXTargetDependency;
			target = 948BE09328ABA1CB00A3D10F /* UtilsExample */;
			targetProxy = FAD395B528ACFAF300862F9C /* PBXContainerItemProxy */;
		};
/* End PBXTargetDependency section */

/* Begin XCBuildConfiguration section */
		948BE0A628ABA1CC00A3D10F /* Debug */ = {
			isa = XCBuildConfiguration;
			buildSettings = {
				ALWAYS_SEARCH_USER_PATHS = NO;
				CLANG_ANALYZER_NONNULL = YES;
				CLANG_ANALYZER_NUMBER_OBJECT_CONVERSION = YES_AGGRESSIVE;
				CLANG_CXX_LANGUAGE_STANDARD = "gnu++17";
				CLANG_ENABLE_MODULES = YES;
				CLANG_ENABLE_OBJC_ARC = YES;
				CLANG_ENABLE_OBJC_WEAK = YES;
				CLANG_WARN_BLOCK_CAPTURE_AUTORELEASING = YES;
				CLANG_WARN_BOOL_CONVERSION = YES;
				CLANG_WARN_COMMA = YES;
				CLANG_WARN_CONSTANT_CONVERSION = YES;
				CLANG_WARN_DEPRECATED_OBJC_IMPLEMENTATIONS = YES;
				CLANG_WARN_DIRECT_OBJC_ISA_USAGE = YES_ERROR;
				CLANG_WARN_DOCUMENTATION_COMMENTS = YES;
				CLANG_WARN_EMPTY_BODY = YES;
				CLANG_WARN_ENUM_CONVERSION = YES;
				CLANG_WARN_INFINITE_RECURSION = YES;
				CLANG_WARN_INT_CONVERSION = YES;
				CLANG_WARN_NON_LITERAL_NULL_CONVERSION = YES;
				CLANG_WARN_OBJC_IMPLICIT_RETAIN_SELF = YES;
				CLANG_WARN_OBJC_LITERAL_CONVERSION = YES;
				CLANG_WARN_OBJC_ROOT_CLASS = YES_ERROR;
				CLANG_WARN_QUOTED_INCLUDE_IN_FRAMEWORK_HEADER = YES;
				CLANG_WARN_RANGE_LOOP_ANALYSIS = YES;
				CLANG_WARN_STRICT_PROTOTYPES = YES;
				CLANG_WARN_SUSPICIOUS_MOVE = YES;
				CLANG_WARN_UNGUARDED_AVAILABILITY = YES_AGGRESSIVE;
				CLANG_WARN_UNREACHABLE_CODE = YES;
				CLANG_WARN__DUPLICATE_METHOD_MATCH = YES;
				COPY_PHASE_STRIP = NO;
				DEBUG_INFORMATION_FORMAT = dwarf;
				ENABLE_STRICT_OBJC_MSGSEND = YES;
				ENABLE_TESTABILITY = YES;
				GCC_C_LANGUAGE_STANDARD = gnu11;
				GCC_DYNAMIC_NO_PIC = NO;
				GCC_NO_COMMON_BLOCKS = YES;
				GCC_OPTIMIZATION_LEVEL = 0;
				GCC_PREPROCESSOR_DEFINITIONS = (
					"DEBUG=1",
					"$(inherited)",
				);
				GCC_WARN_64_TO_32_BIT_CONVERSION = YES;
				GCC_WARN_ABOUT_RETURN_TYPE = YES_ERROR;
				GCC_WARN_UNDECLARED_SELECTOR = YES;
				GCC_WARN_UNINITIALIZED_AUTOS = YES_AGGRESSIVE;
				GCC_WARN_UNUSED_FUNCTION = YES;
				GCC_WARN_UNUSED_VARIABLE = YES;
				IPHONEOS_DEPLOYMENT_TARGET = 15.4;
				MTL_ENABLE_DEBUG_INFO = INCLUDE_SOURCE;
				MTL_FAST_MATH = YES;
				ONLY_ACTIVE_ARCH = YES;
				SDKROOT = iphoneos;
				SWIFT_ACTIVE_COMPILATION_CONDITIONS = DEBUG;
				SWIFT_OPTIMIZATION_LEVEL = "-Onone";
			};
			name = Debug;
		};
		948BE0A728ABA1CC00A3D10F /* Release */ = {
			isa = XCBuildConfiguration;
			buildSettings = {
				ALWAYS_SEARCH_USER_PATHS = NO;
				CLANG_ANALYZER_NONNULL = YES;
				CLANG_ANALYZER_NUMBER_OBJECT_CONVERSION = YES_AGGRESSIVE;
				CLANG_CXX_LANGUAGE_STANDARD = "gnu++17";
				CLANG_ENABLE_MODULES = YES;
				CLANG_ENABLE_OBJC_ARC = YES;
				CLANG_ENABLE_OBJC_WEAK = YES;
				CLANG_WARN_BLOCK_CAPTURE_AUTORELEASING = YES;
				CLANG_WARN_BOOL_CONVERSION = YES;
				CLANG_WARN_COMMA = YES;
				CLANG_WARN_CONSTANT_CONVERSION = YES;
				CLANG_WARN_DEPRECATED_OBJC_IMPLEMENTATIONS = YES;
				CLANG_WARN_DIRECT_OBJC_ISA_USAGE = YES_ERROR;
				CLANG_WARN_DOCUMENTATION_COMMENTS = YES;
				CLANG_WARN_EMPTY_BODY = YES;
				CLANG_WARN_ENUM_CONVERSION = YES;
				CLANG_WARN_INFINITE_RECURSION = YES;
				CLANG_WARN_INT_CONVERSION = YES;
				CLANG_WARN_NON_LITERAL_NULL_CONVERSION = YES;
				CLANG_WARN_OBJC_IMPLICIT_RETAIN_SELF = YES;
				CLANG_WARN_OBJC_LITERAL_CONVERSION = YES;
				CLANG_WARN_OBJC_ROOT_CLASS = YES_ERROR;
				CLANG_WARN_QUOTED_INCLUDE_IN_FRAMEWORK_HEADER = YES;
				CLANG_WARN_RANGE_LOOP_ANALYSIS = YES;
				CLANG_WARN_STRICT_PROTOTYPES = YES;
				CLANG_WARN_SUSPICIOUS_MOVE = YES;
				CLANG_WARN_UNGUARDED_AVAILABILITY = YES_AGGRESSIVE;
				CLANG_WARN_UNREACHABLE_CODE = YES;
				CLANG_WARN__DUPLICATE_METHOD_MATCH = YES;
				COPY_PHASE_STRIP = NO;
				DEBUG_INFORMATION_FORMAT = "dwarf-with-dsym";
				ENABLE_NS_ASSERTIONS = NO;
				ENABLE_STRICT_OBJC_MSGSEND = YES;
				GCC_C_LANGUAGE_STANDARD = gnu11;
				GCC_NO_COMMON_BLOCKS = YES;
				GCC_WARN_64_TO_32_BIT_CONVERSION = YES;
				GCC_WARN_ABOUT_RETURN_TYPE = YES_ERROR;
				GCC_WARN_UNDECLARED_SELECTOR = YES;
				GCC_WARN_UNINITIALIZED_AUTOS = YES_AGGRESSIVE;
				GCC_WARN_UNUSED_FUNCTION = YES;
				GCC_WARN_UNUSED_VARIABLE = YES;
				IPHONEOS_DEPLOYMENT_TARGET = 15.4;
				MTL_ENABLE_DEBUG_INFO = NO;
				MTL_FAST_MATH = YES;
				SDKROOT = iphoneos;
				SWIFT_COMPILATION_MODE = wholemodule;
				SWIFT_OPTIMIZATION_LEVEL = "-O";
				VALIDATE_PRODUCT = YES;
			};
			name = Release;
		};
		948BE0A928ABA1CC00A3D10F /* Debug */ = {
			isa = XCBuildConfiguration;
			buildSettings = {
				ASSETCATALOG_COMPILER_APPICON_NAME = AppIcon;
				ASSETCATALOG_COMPILER_GLOBAL_ACCENT_COLOR_NAME = AccentColor;
				CODE_SIGN_IDENTITY = "Apple Development";
				CODE_SIGN_STYLE = Automatic;
				CURRENT_PROJECT_VERSION = 1;
				DEVELOPMENT_TEAM = 73J6889622;
				GENERATE_INFOPLIST_FILE = YES;
				INFOPLIST_FILE = Source/App/Info.plist;
				"INFOPLIST_FILE[sdk=*]" = Source/App/Info.plist;
				INFOPLIST_KEY_UIApplicationSupportsIndirectInputEvents = YES;
				INFOPLIST_KEY_UILaunchStoryboardName = LaunchScreen;
				INFOPLIST_KEY_UISupportedInterfaceOrientations = UIInterfaceOrientationPortrait;
				INFOPLIST_KEY_UISupportedInterfaceOrientations_iPad = "UIInterfaceOrientationPortrait UIInterfaceOrientationPortraitUpsideDown UIInterfaceOrientationLandscapeLeft UIInterfaceOrientationLandscapeRight";
				INFOPLIST_KEY_UISupportedInterfaceOrientations_iPhone = "UIInterfaceOrientationPortrait UIInterfaceOrientationLandscapeLeft UIInterfaceOrientationLandscapeRight";
				IPHONEOS_DEPLOYMENT_TARGET = 13.0;
				LD_RUNPATH_SEARCH_PATHS = (
					"$(inherited)",
					"@executable_path/Frameworks",
				);
				MARKETING_VERSION = 1.0;
				PRODUCT_BUNDLE_IDENTIFIER = ru.mobileupa.UtilsExample;
				PRODUCT_NAME = "$(TARGET_NAME)";
				PROVISIONING_PROFILE_SPECIFIER = "";
				SWIFT_EMIT_LOC_STRINGS = YES;
				SWIFT_VERSION = 5.0;
				TARGETED_DEVICE_FAMILY = "1,2";
			};
			name = Debug;
		};
		948BE0AA28ABA1CC00A3D10F /* Release */ = {
			isa = XCBuildConfiguration;
			buildSettings = {
				ASSETCATALOG_COMPILER_APPICON_NAME = AppIcon;
				ASSETCATALOG_COMPILER_GLOBAL_ACCENT_COLOR_NAME = AccentColor;
				CODE_SIGN_STYLE = Automatic;
				CURRENT_PROJECT_VERSION = 1;
				DEVELOPMENT_TEAM = 73J6889622;
				GENERATE_INFOPLIST_FILE = YES;
				INFOPLIST_FILE = Source/App/Info.plist;
				INFOPLIST_KEY_UIApplicationSupportsIndirectInputEvents = YES;
				INFOPLIST_KEY_UILaunchStoryboardName = LaunchScreen;
				INFOPLIST_KEY_UISupportedInterfaceOrientations = UIInterfaceOrientationPortrait;
				INFOPLIST_KEY_UISupportedInterfaceOrientations_iPad = "UIInterfaceOrientationPortrait UIInterfaceOrientationPortraitUpsideDown UIInterfaceOrientationLandscapeLeft UIInterfaceOrientationLandscapeRight";
				INFOPLIST_KEY_UISupportedInterfaceOrientations_iPhone = "UIInterfaceOrientationPortrait UIInterfaceOrientationLandscapeLeft UIInterfaceOrientationLandscapeRight";
				IPHONEOS_DEPLOYMENT_TARGET = 13.0;
				LD_RUNPATH_SEARCH_PATHS = (
					"$(inherited)",
					"@executable_path/Frameworks",
				);
				MARKETING_VERSION = 1.0;
				PRODUCT_BUNDLE_IDENTIFIER = ru.mobileupa.UtilsExample;
				PRODUCT_NAME = "$(TARGET_NAME)";
				SWIFT_EMIT_LOC_STRINGS = YES;
				SWIFT_VERSION = 5.0;
				TARGETED_DEVICE_FAMILY = "1,2";
			};
			name = Release;
		};
		FAD395B828ACFAF300862F9C /* Debug */ = {
			isa = XCBuildConfiguration;
			buildSettings = {
				BUNDLE_LOADER = "$(TEST_HOST)";
				CODE_SIGN_STYLE = Automatic;
				CURRENT_PROJECT_VERSION = 1;
				DEVELOPMENT_TEAM = SV97SW9934;
				GENERATE_INFOPLIST_FILE = YES;
				MARKETING_VERSION = 1.0;
				PRODUCT_BUNDLE_IDENTIFIER = "ru.mobileup.Utils-Example.UtilsExampleTests";
				PRODUCT_NAME = "$(TARGET_NAME)";
				SWIFT_EMIT_LOC_STRINGS = NO;
				SWIFT_VERSION = 5.0;
				TARGETED_DEVICE_FAMILY = "1,2";
				TEST_HOST = "$(BUILT_PRODUCTS_DIR)/UtilsExample.app/UtilsExample";
			};
			name = Debug;
		};
		FAD395B928ACFAF300862F9C /* Release */ = {
			isa = XCBuildConfiguration;
			buildSettings = {
				BUNDLE_LOADER = "$(TEST_HOST)";
				CODE_SIGN_STYLE = Automatic;
				CURRENT_PROJECT_VERSION = 1;
				DEVELOPMENT_TEAM = SV97SW9934;
				GENERATE_INFOPLIST_FILE = YES;
				MARKETING_VERSION = 1.0;
				PRODUCT_BUNDLE_IDENTIFIER = "ru.mobileup.Utils-Example.UtilsExampleTests";
				PRODUCT_NAME = "$(TARGET_NAME)";
				SWIFT_EMIT_LOC_STRINGS = NO;
				SWIFT_VERSION = 5.0;
				TARGETED_DEVICE_FAMILY = "1,2";
				TEST_HOST = "$(BUILT_PRODUCTS_DIR)/UtilsExample.app/UtilsExample";
			};
			name = Release;
		};
/* End XCBuildConfiguration section */

/* Begin XCConfigurationList section */
		948BE08F28ABA1CB00A3D10F /* Build configuration list for PBXProject "UtilsExample" */ = {
			isa = XCConfigurationList;
			buildConfigurations = (
				948BE0A628ABA1CC00A3D10F /* Debug */,
				948BE0A728ABA1CC00A3D10F /* Release */,
			);
			defaultConfigurationIsVisible = 0;
			defaultConfigurationName = Release;
		};
		948BE0A828ABA1CC00A3D10F /* Build configuration list for PBXNativeTarget "UtilsExample" */ = {
			isa = XCConfigurationList;
			buildConfigurations = (
				948BE0A928ABA1CC00A3D10F /* Debug */,
				948BE0AA28ABA1CC00A3D10F /* Release */,
			);
			defaultConfigurationIsVisible = 0;
			defaultConfigurationName = Release;
		};
		FAD395B728ACFAF300862F9C /* Build configuration list for PBXNativeTarget "UtilsExampleTests" */ = {
			isa = XCConfigurationList;
			buildConfigurations = (
				FAD395B828ACFAF300862F9C /* Debug */,
				FAD395B928ACFAF300862F9C /* Release */,
			);
			defaultConfigurationIsVisible = 0;
			defaultConfigurationName = Release;
		};
/* End XCConfigurationList section */

/* Begin XCSwiftPackageProductDependency section */
		FAF3FC1E28ED8B37004061D2 /* Utils */ = {
			isa = XCSwiftPackageProductDependency;
			productName = Utils;
		};
/* End XCSwiftPackageProductDependency section */
	};
	rootObject = 948BE08C28ABA1CB00A3D10F /* Project object */;
}
